// !$*UTF8*$!
{
	archiveVersion = 1;
	classes = {
	};
	objectVersion = 56;
	objects = {

/* Begin PBXBuildFile section */
		71E3EC4A2A7F971600A24D7F /* AppDelegate.swift in Sources */ = {isa = PBXBuildFile; fileRef = 71E3EC492A7F971600A24D7F /* AppDelegate.swift */; };
		71E3EC542A7F971600A24D7F /* StaringContestTrainer.xcdatamodeld in Sources */ = {isa = PBXBuildFile; fileRef = 71E3EC522A7F971600A24D7F /* StaringContestTrainer.xcdatamodeld */; };
		71E3EC562A7F971700A24D7F /* Assets.xcassets in Resources */ = {isa = PBXBuildFile; fileRef = 71E3EC552A7F971700A24D7F /* Assets.xcassets */; };
		71E3EC592A7F971700A24D7F /* LaunchScreen.storyboard in Resources */ = {isa = PBXBuildFile; fileRef = 71E3EC572A7F971700A24D7F /* LaunchScreen.storyboard */; };
		71E3EC682A7F990E00A24D7F /* AppRouter.swift in Sources */ = {isa = PBXBuildFile; fileRef = 71E3EC672A7F990E00A24D7F /* AppRouter.swift */; };
		71E3EC6D2A7F9BA500A24D7F /* Publisher + Subscriber.swift in Sources */ = {isa = PBXBuildFile; fileRef = 71E3EC6C2A7F9BA500A24D7F /* Publisher + Subscriber.swift */; };
		71E3EC702A7F9C1200A24D7F /* SelfExtractable.swift in Sources */ = {isa = PBXBuildFile; fileRef = 71E3EC6F2A7F9C1200A24D7F /* SelfExtractable.swift */; };
		71E3EC722A7F9C8800A24D7F /* BaseViewController.swift in Sources */ = {isa = PBXBuildFile; fileRef = 71E3EC712A7F9C8800A24D7F /* BaseViewController.swift */; };
		71E3EC742A7F9CA100A24D7F /* NibLoadable.swift in Sources */ = {isa = PBXBuildFile; fileRef = 71E3EC732A7F9CA100A24D7F /* NibLoadable.swift */; };
		71E3EC822A7FA3E500A24D7F /* InitialScenePresenter.swift in Sources */ = {isa = PBXBuildFile; fileRef = 71E3EC762A7FA3E500A24D7F /* InitialScenePresenter.swift */; };
		71E3EC832A7FA3E500A24D7F /* InitialSceneRouterContract.swift in Sources */ = {isa = PBXBuildFile; fileRef = 71E3EC772A7FA3E500A24D7F /* InitialSceneRouterContract.swift */; };
		71E3EC842A7FA3E500A24D7F /* InitialSceneRouter.swift in Sources */ = {isa = PBXBuildFile; fileRef = 71E3EC782A7FA3E500A24D7F /* InitialSceneRouter.swift */; };
		71E3EC852A7FA3E500A24D7F /* InitialSceneViewController.swift in Sources */ = {isa = PBXBuildFile; fileRef = 71E3EC792A7FA3E500A24D7F /* InitialSceneViewController.swift */; };
		71E3EC862A7FA3E500A24D7F /* InitialSceneInteractor.swift in Sources */ = {isa = PBXBuildFile; fileRef = 71E3EC7A2A7FA3E500A24D7F /* InitialSceneInteractor.swift */; };
		71E3EC872A7FA3E500A24D7F /* InitialSceneInteractorService.swift in Sources */ = {isa = PBXBuildFile; fileRef = 71E3EC7B2A7FA3E500A24D7F /* InitialSceneInteractorService.swift */; };
		71E3EC882A7FA3E500A24D7F /* InitialSceneInteractorContract.swift in Sources */ = {isa = PBXBuildFile; fileRef = 71E3EC7C2A7FA3E500A24D7F /* InitialSceneInteractorContract.swift */; };
		71E3EC892A7FA3E500A24D7F /* InitialSceneViewModel.swift in Sources */ = {isa = PBXBuildFile; fileRef = 71E3EC7D2A7FA3E500A24D7F /* InitialSceneViewModel.swift */; };
		71E3EC8A2A7FA3E500A24D7F /* InitialSceneViewController.xib in Resources */ = {isa = PBXBuildFile; fileRef = 71E3EC7E2A7FA3E500A24D7F /* InitialSceneViewController.xib */; };
		71E3EC8B2A7FA3E500A24D7F /* InitialSceneViewControllerContract.swift in Sources */ = {isa = PBXBuildFile; fileRef = 71E3EC7F2A7FA3E500A24D7F /* InitialSceneViewControllerContract.swift */; };
		71E3EC8C2A7FA3E500A24D7F /* InitialScenePresenterContract.swift in Sources */ = {isa = PBXBuildFile; fileRef = 71E3EC802A7FA3E500A24D7F /* InitialScenePresenterContract.swift */; };
		71E3EC8D2A7FA3E500A24D7F /* InitialScenePresenterService.swift in Sources */ = {isa = PBXBuildFile; fileRef = 71E3EC812A7FA3E500A24D7F /* InitialScenePresenterService.swift */; };
		71E3EC972A7FA5EF00A24D7F /* AppCoreContract.swift in Sources */ = {isa = PBXBuildFile; fileRef = 71E3EC962A7FA5EF00A24D7F /* AppCoreContract.swift */; };
		71E3EC992A7FA62700A24D7F /* AppCore.swift in Sources */ = {isa = PBXBuildFile; fileRef = 71E3EC982A7FA62700A24D7F /* AppCore.swift */; };
		71E3EC9C2A7FA68100A24D7F /* Logger.swift in Sources */ = {isa = PBXBuildFile; fileRef = 71E3EC9B2A7FA68100A24D7F /* Logger.swift */; };
		71E3ECA12A7FAAB700A24D7F /* AppUILayer.swift in Sources */ = {isa = PBXBuildFile; fileRef = 71E3ECA02A7FAAB700A24D7F /* AppUILayer.swift */; };
		71E3ECA32A7FAAF400A24D7F /* AppUILayerType.swift in Sources */ = {isa = PBXBuildFile; fileRef = 71E3ECA22A7FAAF400A24D7F /* AppUILayerType.swift */; };
		71E3ECA82A7FAB4100A24D7F /* AppUILayerStyleWorker.swift in Sources */ = {isa = PBXBuildFile; fileRef = 71E3ECA72A7FAB4100A24D7F /* AppUILayerStyleWorker.swift */; };
		71E3ECAA2A7FAB7700A24D7F /* AppUILayerStyleWorkerType.swift in Sources */ = {isa = PBXBuildFile; fileRef = 71E3ECA92A7FAB7700A24D7F /* AppUILayerStyleWorkerType.swift */; };
		71E3ECAC2A7FAC3E00A24D7F /* AppUILayerDeviceWorker.swift in Sources */ = {isa = PBXBuildFile; fileRef = 71E3ECAB2A7FAC3E00A24D7F /* AppUILayerDeviceWorker.swift */; };
		71E3ECAE2A7FAC5800A24D7F /* AppUILayerDeviceWorkerType.swift in Sources */ = {isa = PBXBuildFile; fileRef = 71E3ECAD2A7FAC5800A24D7F /* AppUILayerDeviceWorkerType.swift */; };
/* End PBXBuildFile section */

/* Begin PBXFileReference section */
		71E3EC462A7F971600A24D7F /* StaringContestTrainer.app */ = {isa = PBXFileReference; explicitFileType = wrapper.application; includeInIndex = 0; path = StaringContestTrainer.app; sourceTree = BUILT_PRODUCTS_DIR; };
		71E3EC492A7F971600A24D7F /* AppDelegate.swift */ = {isa = PBXFileReference; lastKnownFileType = sourcecode.swift; path = AppDelegate.swift; sourceTree = "<group>"; };
		71E3EC532A7F971600A24D7F /* StaringContestTrainer.xcdatamodel */ = {isa = PBXFileReference; lastKnownFileType = wrapper.xcdatamodel; path = StaringContestTrainer.xcdatamodel; sourceTree = "<group>"; };
		71E3EC552A7F971700A24D7F /* Assets.xcassets */ = {isa = PBXFileReference; lastKnownFileType = folder.assetcatalog; path = Assets.xcassets; sourceTree = "<group>"; };
		71E3EC582A7F971700A24D7F /* Base */ = {isa = PBXFileReference; lastKnownFileType = file.storyboard; name = Base; path = Base.lproj/LaunchScreen.storyboard; sourceTree = "<group>"; };
		71E3EC5A2A7F971700A24D7F /* Info.plist */ = {isa = PBXFileReference; lastKnownFileType = text.plist.xml; path = Info.plist; sourceTree = "<group>"; };
		71E3EC672A7F990E00A24D7F /* AppRouter.swift */ = {isa = PBXFileReference; lastKnownFileType = sourcecode.swift; path = AppRouter.swift; sourceTree = "<group>"; };
		71E3EC6C2A7F9BA500A24D7F /* Publisher + Subscriber.swift */ = {isa = PBXFileReference; lastKnownFileType = sourcecode.swift; path = "Publisher + Subscriber.swift"; sourceTree = "<group>"; };
		71E3EC6F2A7F9C1200A24D7F /* SelfExtractable.swift */ = {isa = PBXFileReference; lastKnownFileType = sourcecode.swift; path = SelfExtractable.swift; sourceTree = "<group>"; };
		71E3EC712A7F9C8800A24D7F /* BaseViewController.swift */ = {isa = PBXFileReference; lastKnownFileType = sourcecode.swift; path = BaseViewController.swift; sourceTree = "<group>"; };
		71E3EC732A7F9CA100A24D7F /* NibLoadable.swift */ = {isa = PBXFileReference; lastKnownFileType = sourcecode.swift; path = NibLoadable.swift; sourceTree = "<group>"; };
		71E3EC762A7FA3E500A24D7F /* InitialScenePresenter.swift */ = {isa = PBXFileReference; lastKnownFileType = sourcecode.swift; path = InitialScenePresenter.swift; sourceTree = "<group>"; };
		71E3EC772A7FA3E500A24D7F /* InitialSceneRouterContract.swift */ = {isa = PBXFileReference; lastKnownFileType = sourcecode.swift; path = InitialSceneRouterContract.swift; sourceTree = "<group>"; };
		71E3EC782A7FA3E500A24D7F /* InitialSceneRouter.swift */ = {isa = PBXFileReference; lastKnownFileType = sourcecode.swift; path = InitialSceneRouter.swift; sourceTree = "<group>"; };
		71E3EC792A7FA3E500A24D7F /* InitialSceneViewController.swift */ = {isa = PBXFileReference; lastKnownFileType = sourcecode.swift; path = InitialSceneViewController.swift; sourceTree = "<group>"; };
		71E3EC7A2A7FA3E500A24D7F /* InitialSceneInteractor.swift */ = {isa = PBXFileReference; lastKnownFileType = sourcecode.swift; path = InitialSceneInteractor.swift; sourceTree = "<group>"; };
		71E3EC7B2A7FA3E500A24D7F /* InitialSceneInteractorService.swift */ = {isa = PBXFileReference; lastKnownFileType = sourcecode.swift; path = InitialSceneInteractorService.swift; sourceTree = "<group>"; };
		71E3EC7C2A7FA3E500A24D7F /* InitialSceneInteractorContract.swift */ = {isa = PBXFileReference; lastKnownFileType = sourcecode.swift; path = InitialSceneInteractorContract.swift; sourceTree = "<group>"; };
		71E3EC7D2A7FA3E500A24D7F /* InitialSceneViewModel.swift */ = {isa = PBXFileReference; lastKnownFileType = sourcecode.swift; path = InitialSceneViewModel.swift; sourceTree = "<group>"; };
		71E3EC7E2A7FA3E500A24D7F /* InitialSceneViewController.xib */ = {isa = PBXFileReference; lastKnownFileType = file.xib; path = InitialSceneViewController.xib; sourceTree = "<group>"; };
		71E3EC7F2A7FA3E500A24D7F /* InitialSceneViewControllerContract.swift */ = {isa = PBXFileReference; lastKnownFileType = sourcecode.swift; path = InitialSceneViewControllerContract.swift; sourceTree = "<group>"; };
		71E3EC802A7FA3E500A24D7F /* InitialScenePresenterContract.swift */ = {isa = PBXFileReference; lastKnownFileType = sourcecode.swift; path = InitialScenePresenterContract.swift; sourceTree = "<group>"; };
		71E3EC812A7FA3E500A24D7F /* InitialScenePresenterService.swift */ = {isa = PBXFileReference; lastKnownFileType = sourcecode.swift; path = InitialScenePresenterService.swift; sourceTree = "<group>"; };
		71E3EC962A7FA5EF00A24D7F /* AppCoreContract.swift */ = {isa = PBXFileReference; lastKnownFileType = sourcecode.swift; path = AppCoreContract.swift; sourceTree = "<group>"; };
		71E3EC982A7FA62700A24D7F /* AppCore.swift */ = {isa = PBXFileReference; lastKnownFileType = sourcecode.swift; path = AppCore.swift; sourceTree = "<group>"; };
		71E3EC9B2A7FA68100A24D7F /* Logger.swift */ = {isa = PBXFileReference; lastKnownFileType = sourcecode.swift; path = Logger.swift; sourceTree = "<group>"; };
		71E3ECA02A7FAAB700A24D7F /* AppUILayer.swift */ = {isa = PBXFileReference; lastKnownFileType = sourcecode.swift; path = AppUILayer.swift; sourceTree = "<group>"; };
		71E3ECA22A7FAAF400A24D7F /* AppUILayerType.swift */ = {isa = PBXFileReference; lastKnownFileType = sourcecode.swift; path = AppUILayerType.swift; sourceTree = "<group>"; };
		71E3ECA72A7FAB4100A24D7F /* AppUILayerStyleWorker.swift */ = {isa = PBXFileReference; lastKnownFileType = sourcecode.swift; path = AppUILayerStyleWorker.swift; sourceTree = "<group>"; };
		71E3ECA92A7FAB7700A24D7F /* AppUILayerStyleWorkerType.swift */ = {isa = PBXFileReference; lastKnownFileType = sourcecode.swift; path = AppUILayerStyleWorkerType.swift; sourceTree = "<group>"; };
		71E3ECAB2A7FAC3E00A24D7F /* AppUILayerDeviceWorker.swift */ = {isa = PBXFileReference; lastKnownFileType = sourcecode.swift; path = AppUILayerDeviceWorker.swift; sourceTree = "<group>"; };
		71E3ECAD2A7FAC5800A24D7F /* AppUILayerDeviceWorkerType.swift */ = {isa = PBXFileReference; lastKnownFileType = sourcecode.swift; path = AppUILayerDeviceWorkerType.swift; sourceTree = "<group>"; };
/* End PBXFileReference section */

/* Begin PBXFrameworksBuildPhase section */
		71E3EC432A7F971600A24D7F /* Frameworks */ = {
			isa = PBXFrameworksBuildPhase;
			buildActionMask = 2147483647;
			files = (
			);
			runOnlyForDeploymentPostprocessing = 0;
		};
/* End PBXFrameworksBuildPhase section */

/* Begin PBXGroup section */
		71E3EC3D2A7F971600A24D7F = {
			isa = PBXGroup;
			children = (
				71E3EC482A7F971600A24D7F /* StaringContestTrainer */,
				71E3EC472A7F971600A24D7F /* Products */,
			);
			sourceTree = "<group>";
		};
		71E3EC472A7F971600A24D7F /* Products */ = {
			isa = PBXGroup;
			children = (
				71E3EC462A7F971600A24D7F /* StaringContestTrainer.app */,
			);
			name = Products;
			sourceTree = "<group>";
		};
		71E3EC482A7F971600A24D7F /* StaringContestTrainer */ = {
			isa = PBXGroup;
			children = (
				71E3EC642A7F983A00A24D7F /* Application */,
				71E3EC692A7F9B6E00A24D7F /* Common */,
				71E3EC6A2A7F9B7800A24D7F /* Modules */,
				71E3EC612A7F981D00A24D7F /* Sources */,
				71E3EC632A7F983100A24D7F /* LaunchScreen */,
				71E3EC602A7F97C800A24D7F /* SupportingFiles */,
				71E3EC622A7F982A00A24D7F /* Database */,
			);
			path = StaringContestTrainer;
			sourceTree = "<group>";
		};
		71E3EC602A7F97C800A24D7F /* SupportingFiles */ = {
			isa = PBXGroup;
			children = (
				71E3EC5A2A7F971700A24D7F /* Info.plist */,
			);
			path = SupportingFiles;
			sourceTree = "<group>";
		};
		71E3EC612A7F981D00A24D7F /* Sources */ = {
			isa = PBXGroup;
			children = (
				71E3EC552A7F971700A24D7F /* Assets.xcassets */,
			);
			path = Sources;
			sourceTree = "<group>";
		};
		71E3EC622A7F982A00A24D7F /* Database */ = {
			isa = PBXGroup;
			children = (
				71E3EC522A7F971600A24D7F /* StaringContestTrainer.xcdatamodeld */,
			);
			path = Database;
			sourceTree = "<group>";
		};
		71E3EC632A7F983100A24D7F /* LaunchScreen */ = {
			isa = PBXGroup;
			children = (
				71E3EC572A7F971700A24D7F /* LaunchScreen.storyboard */,
			);
			path = LaunchScreen;
			sourceTree = "<group>";
		};
		71E3EC642A7F983A00A24D7F /* Application */ = {
			isa = PBXGroup;
			children = (
				71E3EC662A7F98FB00A24D7F /* AppRouter */,
				71E3EC652A7F98F100A24D7F /* AppDelegate */,
				71E3EC952A7FA5D200A24D7F /* AppCore */,
				71E3EC9A2A7FA65B00A24D7F /* Utilities */,
			);
			path = Application;
			sourceTree = "<group>";
		};
		71E3EC652A7F98F100A24D7F /* AppDelegate */ = {
			isa = PBXGroup;
			children = (
				71E3EC492A7F971600A24D7F /* AppDelegate.swift */,
			);
			path = AppDelegate;
			sourceTree = "<group>";
		};
		71E3EC662A7F98FB00A24D7F /* AppRouter */ = {
			isa = PBXGroup;
			children = (
				71E3EC672A7F990E00A24D7F /* AppRouter.swift */,
			);
			path = AppRouter;
			sourceTree = "<group>";
		};
		71E3EC692A7F9B6E00A24D7F /* Common */ = {
			isa = PBXGroup;
			children = (
				71E3EC6E2A7F9BE100A24D7F /* SelfExtractor */,
				71E3EC6B2A7F9B8C00A24D7F /* Publisher + Subscriber */,
				71E3EC712A7F9C8800A24D7F /* BaseViewController.swift */,
				71E3EC732A7F9CA100A24D7F /* NibLoadable.swift */,
			);
			path = Common;
			sourceTree = "<group>";
		};
		71E3EC6A2A7F9B7800A24D7F /* Modules */ = {
			isa = PBXGroup;
			children = (
				71E3EC752A7FA3D100A24D7F /* InitialScene */,
			);
			path = Modules;
			sourceTree = "<group>";
		};
		71E3EC6B2A7F9B8C00A24D7F /* Publisher + Subscriber */ = {
			isa = PBXGroup;
			children = (
				71E3EC6C2A7F9BA500A24D7F /* Publisher + Subscriber.swift */,
			);
			path = "Publisher + Subscriber";
			sourceTree = "<group>";
		};
		71E3EC6E2A7F9BE100A24D7F /* SelfExtractor */ = {
			isa = PBXGroup;
			children = (
				71E3EC6F2A7F9C1200A24D7F /* SelfExtractable.swift */,
			);
			path = SelfExtractor;
			sourceTree = "<group>";
		};
		71E3EC752A7FA3D100A24D7F /* InitialScene */ = {
			isa = PBXGroup;
			children = (
				71E3EC942A7FA47500A24D7F /* Router */,
				71E3EC932A7FA46800A24D7F /* ViewModel */,
				71E3EC912A7FA42200A24D7F /* Interactor */,
				71E3EC8F2A7FA40B00A24D7F /* Presenter */,
				71E3EC8E2A7FA3FE00A24D7F /* View */,
			);
			path = InitialScene;
			sourceTree = "<group>";
		};
		71E3EC8E2A7FA3FE00A24D7F /* View */ = {
			isa = PBXGroup;
			children = (
				71E3EC792A7FA3E500A24D7F /* InitialSceneViewController.swift */,
				71E3EC7E2A7FA3E500A24D7F /* InitialSceneViewController.xib */,
				71E3EC7F2A7FA3E500A24D7F /* InitialSceneViewControllerContract.swift */,
			);
			path = View;
			sourceTree = "<group>";
		};
		71E3EC8F2A7FA40B00A24D7F /* Presenter */ = {
			isa = PBXGroup;
			children = (
				71E3EC902A7FA41600A24D7F /* Service */,
				71E3EC762A7FA3E500A24D7F /* InitialScenePresenter.swift */,
				71E3EC802A7FA3E500A24D7F /* InitialScenePresenterContract.swift */,
			);
			path = Presenter;
			sourceTree = "<group>";
		};
		71E3EC902A7FA41600A24D7F /* Service */ = {
			isa = PBXGroup;
			children = (
				71E3EC812A7FA3E500A24D7F /* InitialScenePresenterService.swift */,
			);
			path = Service;
			sourceTree = "<group>";
		};
		71E3EC912A7FA42200A24D7F /* Interactor */ = {
			isa = PBXGroup;
			children = (
				71E3EC922A7FA42A00A24D7F /* Service */,
				71E3EC7A2A7FA3E500A24D7F /* InitialSceneInteractor.swift */,
				71E3EC7C2A7FA3E500A24D7F /* InitialSceneInteractorContract.swift */,
			);
			path = Interactor;
			sourceTree = "<group>";
		};
		71E3EC922A7FA42A00A24D7F /* Service */ = {
			isa = PBXGroup;
			children = (
				71E3EC7B2A7FA3E500A24D7F /* InitialSceneInteractorService.swift */,
			);
			path = Service;
			sourceTree = "<group>";
		};
		71E3EC932A7FA46800A24D7F /* ViewModel */ = {
			isa = PBXGroup;
			children = (
				71E3EC7D2A7FA3E500A24D7F /* InitialSceneViewModel.swift */,
			);
			path = ViewModel;
			sourceTree = "<group>";
		};
		71E3EC942A7FA47500A24D7F /* Router */ = {
			isa = PBXGroup;
			children = (
				71E3EC772A7FA3E500A24D7F /* InitialSceneRouterContract.swift */,
				71E3EC782A7FA3E500A24D7F /* InitialSceneRouter.swift */,
			);
			path = Router;
			sourceTree = "<group>";
		};
		71E3EC952A7FA5D200A24D7F /* AppCore */ = {
			isa = PBXGroup;
			children = (
				71E3EC9D2A7FA9F200A24D7F /* Layers */,
				71E3EC962A7FA5EF00A24D7F /* AppCoreContract.swift */,
				71E3EC982A7FA62700A24D7F /* AppCore.swift */,
			);
			path = AppCore;
			sourceTree = "<group>";
		};
		71E3EC9A2A7FA65B00A24D7F /* Utilities */ = {
			isa = PBXGroup;
			children = (
				71E3EC9B2A7FA68100A24D7F /* Logger.swift */,
			);
			path = Utilities;
			sourceTree = "<group>";
		};
		71E3EC9D2A7FA9F200A24D7F /* Layers */ = {
			isa = PBXGroup;
			children = (
				71E3EC9F2A7FAA0F00A24D7F /* CILayer */,
				71E3EC9E2A7FA9FD00A24D7F /* UILayer */,
			);
			path = Layers;
			sourceTree = "<group>";
		};
		71E3EC9E2A7FA9FD00A24D7F /* UILayer */ = {
			isa = PBXGroup;
			children = (
				71E3ECA42A7FAB0500A24D7F /* Workers */,
				71E3ECA02A7FAAB700A24D7F /* AppUILayer.swift */,
				71E3ECA22A7FAAF400A24D7F /* AppUILayerType.swift */,
			);
			path = UILayer;
			sourceTree = "<group>";
		};
		71E3EC9F2A7FAA0F00A24D7F /* CILayer */ = {
			isa = PBXGroup;
			children = (
			);
			path = CILayer;
			sourceTree = "<group>";
		};
		71E3ECA42A7FAB0500A24D7F /* Workers */ = {
			isa = PBXGroup;
			children = (
				71E3ECA62A7FAB1800A24D7F /* Style */,
				71E3ECA52A7FAB1200A24D7F /* Device */,
			);
			path = Workers;
			sourceTree = "<group>";
		};
		71E3ECA52A7FAB1200A24D7F /* Device */ = {
			isa = PBXGroup;
			children = (
				71E3ECAB2A7FAC3E00A24D7F /* AppUILayerDeviceWorker.swift */,
				71E3ECAD2A7FAC5800A24D7F /* AppUILayerDeviceWorkerType.swift */,
			);
			path = Device;
			sourceTree = "<group>";
		};
		71E3ECA62A7FAB1800A24D7F /* Style */ = {
			isa = PBXGroup;
			children = (
				71E3ECA72A7FAB4100A24D7F /* AppUILayerStyleWorker.swift */,
				71E3ECA92A7FAB7700A24D7F /* AppUILayerStyleWorkerType.swift */,
			);
			path = Style;
			sourceTree = "<group>";
		};
/* End PBXGroup section */

/* Begin PBXNativeTarget section */
		71E3EC452A7F971600A24D7F /* StaringContestTrainer */ = {
			isa = PBXNativeTarget;
			buildConfigurationList = 71E3EC5D2A7F971700A24D7F /* Build configuration list for PBXNativeTarget "StaringContestTrainer" */;
			buildPhases = (
				71E3EC422A7F971600A24D7F /* Sources */,
				71E3EC432A7F971600A24D7F /* Frameworks */,
				71E3EC442A7F971600A24D7F /* Resources */,
			);
			buildRules = (
			);
			dependencies = (
			);
			name = StaringContestTrainer;
			productName = StaringContestTrainer;
			productReference = 71E3EC462A7F971600A24D7F /* StaringContestTrainer.app */;
			productType = "com.apple.product-type.application";
		};
/* End PBXNativeTarget section */

/* Begin PBXProject section */
		71E3EC3E2A7F971600A24D7F /* Project object */ = {
			isa = PBXProject;
			attributes = {
				BuildIndependentTargetsInParallel = 1;
				LastSwiftUpdateCheck = 1430;
				LastUpgradeCheck = 1430;
				TargetAttributes = {
					71E3EC452A7F971600A24D7F = {
						CreatedOnToolsVersion = 14.3.1;
					};
				};
			};
			buildConfigurationList = 71E3EC412A7F971600A24D7F /* Build configuration list for PBXProject "StaringContestTrainer" */;
			compatibilityVersion = "Xcode 14.0";
			developmentRegion = en;
			hasScannedForEncodings = 0;
			knownRegions = (
				en,
				Base,
			);
			mainGroup = 71E3EC3D2A7F971600A24D7F;
			productRefGroup = 71E3EC472A7F971600A24D7F /* Products */;
			projectDirPath = "";
			projectRoot = "";
			targets = (
				71E3EC452A7F971600A24D7F /* StaringContestTrainer */,
			);
		};
/* End PBXProject section */

/* Begin PBXResourcesBuildPhase section */
		71E3EC442A7F971600A24D7F /* Resources */ = {
			isa = PBXResourcesBuildPhase;
			buildActionMask = 2147483647;
			files = (
				71E3EC8A2A7FA3E500A24D7F /* InitialSceneViewController.xib in Resources */,
				71E3EC592A7F971700A24D7F /* LaunchScreen.storyboard in Resources */,
				71E3EC562A7F971700A24D7F /* Assets.xcassets in Resources */,
			);
			runOnlyForDeploymentPostprocessing = 0;
		};
/* End PBXResourcesBuildPhase section */

/* Begin PBXSourcesBuildPhase section */
		71E3EC422A7F971600A24D7F /* Sources */ = {
			isa = PBXSourcesBuildPhase;
			buildActionMask = 2147483647;
			files = (
				71E3EC882A7FA3E500A24D7F /* InitialSceneInteractorContract.swift in Sources */,
				71E3EC702A7F9C1200A24D7F /* SelfExtractable.swift in Sources */,
				71E3ECA32A7FAAF400A24D7F /* AppUILayerType.swift in Sources */,
				71E3EC6D2A7F9BA500A24D7F /* Publisher + Subscriber.swift in Sources */,
				71E3EC862A7FA3E500A24D7F /* InitialSceneInteractor.swift in Sources */,
				71E3EC9C2A7FA68100A24D7F /* Logger.swift in Sources */,
				71E3EC742A7F9CA100A24D7F /* NibLoadable.swift in Sources */,
				71E3EC4A2A7F971600A24D7F /* AppDelegate.swift in Sources */,
				71E3EC872A7FA3E500A24D7F /* InitialSceneInteractorService.swift in Sources */,
				71E3EC892A7FA3E500A24D7F /* InitialSceneViewModel.swift in Sources */,
				71E3EC8B2A7FA3E500A24D7F /* InitialSceneViewControllerContract.swift in Sources */,
				71E3EC832A7FA3E500A24D7F /* InitialSceneRouterContract.swift in Sources */,
				71E3EC8D2A7FA3E500A24D7F /* InitialScenePresenterService.swift in Sources */,
				71E3EC542A7F971600A24D7F /* StaringContestTrainer.xcdatamodeld in Sources */,
				71E3EC842A7FA3E500A24D7F /* InitialSceneRouter.swift in Sources */,
				71E3EC682A7F990E00A24D7F /* AppRouter.swift in Sources */,
				71E3ECAA2A7FAB7700A24D7F /* AppUILayerStyleWorkerType.swift in Sources */,
				71E3ECA12A7FAAB700A24D7F /* AppUILayer.swift in Sources */,
				71E3EC992A7FA62700A24D7F /* AppCore.swift in Sources */,
				71E3EC852A7FA3E500A24D7F /* InitialSceneViewController.swift in Sources */,
				71E3EC822A7FA3E500A24D7F /* InitialScenePresenter.swift in Sources */,
				71E3EC972A7FA5EF00A24D7F /* AppCoreContract.swift in Sources */,
				71E3ECA82A7FAB4100A24D7F /* AppUILayerStyleWorker.swift in Sources */,
				71E3EC722A7F9C8800A24D7F /* BaseViewController.swift in Sources */,
				71E3EC8C2A7FA3E500A24D7F /* InitialScenePresenterContract.swift in Sources */,
				71E3ECAC2A7FAC3E00A24D7F /* AppUILayerDeviceWorker.swift in Sources */,
				71E3ECAE2A7FAC5800A24D7F /* AppUILayerDeviceWorkerType.swift in Sources */,
			);
			runOnlyForDeploymentPostprocessing = 0;
		};
/* End PBXSourcesBuildPhase section */

/* Begin PBXVariantGroup section */
		71E3EC572A7F971700A24D7F /* LaunchScreen.storyboard */ = {
			isa = PBXVariantGroup;
			children = (
				71E3EC582A7F971700A24D7F /* Base */,
			);
			name = LaunchScreen.storyboard;
			sourceTree = "<group>";
		};
/* End PBXVariantGroup section */

/* Begin XCBuildConfiguration section */
		71E3EC5B2A7F971700A24D7F /* Debug */ = {
			isa = XCBuildConfiguration;
			buildSettings = {
				ALWAYS_SEARCH_USER_PATHS = NO;
				CLANG_ANALYZER_NONNULL = YES;
				CLANG_ANALYZER_NUMBER_OBJECT_CONVERSION = YES_AGGRESSIVE;
				CLANG_CXX_LANGUAGE_STANDARD = "gnu++20";
				CLANG_ENABLE_MODULES = YES;
				CLANG_ENABLE_OBJC_ARC = YES;
				CLANG_ENABLE_OBJC_WEAK = YES;
				CLANG_WARN_BLOCK_CAPTURE_AUTORELEASING = YES;
				CLANG_WARN_BOOL_CONVERSION = YES;
				CLANG_WARN_COMMA = YES;
				CLANG_WARN_CONSTANT_CONVERSION = YES;
				CLANG_WARN_DEPRECATED_OBJC_IMPLEMENTATIONS = YES;
				CLANG_WARN_DIRECT_OBJC_ISA_USAGE = YES_ERROR;
				CLANG_WARN_DOCUMENTATION_COMMENTS = YES;
				CLANG_WARN_EMPTY_BODY = YES;
				CLANG_WARN_ENUM_CONVERSION = YES;
				CLANG_WARN_INFINITE_RECURSION = YES;
				CLANG_WARN_INT_CONVERSION = YES;
				CLANG_WARN_NON_LITERAL_NULL_CONVERSION = YES;
				CLANG_WARN_OBJC_IMPLICIT_RETAIN_SELF = YES;
				CLANG_WARN_OBJC_LITERAL_CONVERSION = YES;
				CLANG_WARN_OBJC_ROOT_CLASS = YES_ERROR;
				CLANG_WARN_QUOTED_INCLUDE_IN_FRAMEWORK_HEADER = YES;
				CLANG_WARN_RANGE_LOOP_ANALYSIS = YES;
				CLANG_WARN_STRICT_PROTOTYPES = YES;
				CLANG_WARN_SUSPICIOUS_MOVE = YES;
				CLANG_WARN_UNGUARDED_AVAILABILITY = YES_AGGRESSIVE;
				CLANG_WARN_UNREACHABLE_CODE = YES;
				CLANG_WARN__DUPLICATE_METHOD_MATCH = YES;
				COPY_PHASE_STRIP = NO;
				DEBUG_INFORMATION_FORMAT = dwarf;
				ENABLE_STRICT_OBJC_MSGSEND = YES;
				ENABLE_TESTABILITY = YES;
				GCC_C_LANGUAGE_STANDARD = gnu11;
				GCC_DYNAMIC_NO_PIC = NO;
				GCC_NO_COMMON_BLOCKS = YES;
				GCC_OPTIMIZATION_LEVEL = 0;
				GCC_PREPROCESSOR_DEFINITIONS = (
					"DEBUG=1",
					"$(inherited)",
				);
				GCC_WARN_64_TO_32_BIT_CONVERSION = YES;
				GCC_WARN_ABOUT_RETURN_TYPE = YES_ERROR;
				GCC_WARN_UNDECLARED_SELECTOR = YES;
				GCC_WARN_UNINITIALIZED_AUTOS = YES_AGGRESSIVE;
				GCC_WARN_UNUSED_FUNCTION = YES;
				GCC_WARN_UNUSED_VARIABLE = YES;
				IPHONEOS_DEPLOYMENT_TARGET = 16.4;
				MTL_ENABLE_DEBUG_INFO = INCLUDE_SOURCE;
				MTL_FAST_MATH = YES;
				ONLY_ACTIVE_ARCH = YES;
				SDKROOT = iphoneos;
				SWIFT_ACTIVE_COMPILATION_CONDITIONS = DEBUG;
				SWIFT_OPTIMIZATION_LEVEL = "-Onone";
			};
			name = Debug;
		};
		71E3EC5C2A7F971700A24D7F /* Release */ = {
			isa = XCBuildConfiguration;
			buildSettings = {
				ALWAYS_SEARCH_USER_PATHS = NO;
				CLANG_ANALYZER_NONNULL = YES;
				CLANG_ANALYZER_NUMBER_OBJECT_CONVERSION = YES_AGGRESSIVE;
				CLANG_CXX_LANGUAGE_STANDARD = "gnu++20";
				CLANG_ENABLE_MODULES = YES;
				CLANG_ENABLE_OBJC_ARC = YES;
				CLANG_ENABLE_OBJC_WEAK = YES;
				CLANG_WARN_BLOCK_CAPTURE_AUTORELEASING = YES;
				CLANG_WARN_BOOL_CONVERSION = YES;
				CLANG_WARN_COMMA = YES;
				CLANG_WARN_CONSTANT_CONVERSION = YES;
				CLANG_WARN_DEPRECATED_OBJC_IMPLEMENTATIONS = YES;
				CLANG_WARN_DIRECT_OBJC_ISA_USAGE = YES_ERROR;
				CLANG_WARN_DOCUMENTATION_COMMENTS = YES;
				CLANG_WARN_EMPTY_BODY = YES;
				CLANG_WARN_ENUM_CONVERSION = YES;
				CLANG_WARN_INFINITE_RECURSION = YES;
				CLANG_WARN_INT_CONVERSION = YES;
				CLANG_WARN_NON_LITERAL_NULL_CONVERSION = YES;
				CLANG_WARN_OBJC_IMPLICIT_RETAIN_SELF = YES;
				CLANG_WARN_OBJC_LITERAL_CONVERSION = YES;
				CLANG_WARN_OBJC_ROOT_CLASS = YES_ERROR;
				CLANG_WARN_QUOTED_INCLUDE_IN_FRAMEWORK_HEADER = YES;
				CLANG_WARN_RANGE_LOOP_ANALYSIS = YES;
				CLANG_WARN_STRICT_PROTOTYPES = YES;
				CLANG_WARN_SUSPICIOUS_MOVE = YES;
				CLANG_WARN_UNGUARDED_AVAILABILITY = YES_AGGRESSIVE;
				CLANG_WARN_UNREACHABLE_CODE = YES;
				CLANG_WARN__DUPLICATE_METHOD_MATCH = YES;
				COPY_PHASE_STRIP = NO;
				DEBUG_INFORMATION_FORMAT = "dwarf-with-dsym";
				ENABLE_NS_ASSERTIONS = NO;
				ENABLE_STRICT_OBJC_MSGSEND = YES;
				GCC_C_LANGUAGE_STANDARD = gnu11;
				GCC_NO_COMMON_BLOCKS = YES;
				GCC_WARN_64_TO_32_BIT_CONVERSION = YES;
				GCC_WARN_ABOUT_RETURN_TYPE = YES_ERROR;
				GCC_WARN_UNDECLARED_SELECTOR = YES;
				GCC_WARN_UNINITIALIZED_AUTOS = YES_AGGRESSIVE;
				GCC_WARN_UNUSED_FUNCTION = YES;
				GCC_WARN_UNUSED_VARIABLE = YES;
				IPHONEOS_DEPLOYMENT_TARGET = 16.4;
				MTL_ENABLE_DEBUG_INFO = NO;
				MTL_FAST_MATH = YES;
				SDKROOT = iphoneos;
				SWIFT_COMPILATION_MODE = wholemodule;
				SWIFT_OPTIMIZATION_LEVEL = "-O";
				VALIDATE_PRODUCT = YES;
			};
			name = Release;
		};
		71E3EC5E2A7F971700A24D7F /* Debug */ = {
			isa = XCBuildConfiguration;
			buildSettings = {
				ASSETCATALOG_COMPILER_APPICON_NAME = AppIcon;
				ASSETCATALOG_COMPILER_GLOBAL_ACCENT_COLOR_NAME = AccentColor;
				CODE_SIGN_STYLE = Automatic;
				CURRENT_PROJECT_VERSION = 1;
				DEVELOPMENT_TEAM = 54L37Y4QC4;
				GENERATE_INFOPLIST_FILE = YES;
				INFOPLIST_FILE = StaringContestTrainer/SupportingFiles/Info.plist;
				INFOPLIST_KEY_UIApplicationSupportsIndirectInputEvents = YES;
				INFOPLIST_KEY_UILaunchStoryboardName = LaunchScreen;
				INFOPLIST_KEY_UISupportedInterfaceOrientations_iPad = "UIInterfaceOrientationPortrait UIInterfaceOrientationPortraitUpsideDown UIInterfaceOrientationLandscapeLeft UIInterfaceOrientationLandscapeRight";
				INFOPLIST_KEY_UISupportedInterfaceOrientations_iPhone = "UIInterfaceOrientationPortrait UIInterfaceOrientationLandscapeLeft UIInterfaceOrientationLandscapeRight";
				LD_RUNPATH_SEARCH_PATHS = (
					"$(inherited)",
					"@executable_path/Frameworks",
				);
				MARKETING_VERSION = 1.0;
				PRODUCT_BUNDLE_IDENTIFIER = com.yarizzer.StaringContestTrainer;
				PRODUCT_NAME = "$(TARGET_NAME)";
				SWIFT_EMIT_LOC_STRINGS = YES;
				SWIFT_VERSION = 5.0;
				TARGETED_DEVICE_FAMILY = "1,2";
			};
			name = Debug;
		};
		71E3EC5F2A7F971700A24D7F /* Release */ = {
			isa = XCBuildConfiguration;
			buildSettings = {
				ASSETCATALOG_COMPILER_APPICON_NAME = AppIcon;
				ASSETCATALOG_COMPILER_GLOBAL_ACCENT_COLOR_NAME = AccentColor;
				CODE_SIGN_STYLE = Automatic;
				CURRENT_PROJECT_VERSION = 1;
				DEVELOPMENT_TEAM = 54L37Y4QC4;
				GENERATE_INFOPLIST_FILE = YES;
				INFOPLIST_FILE = StaringContestTrainer/SupportingFiles/Info.plist;
				INFOPLIST_KEY_UIApplicationSupportsIndirectInputEvents = YES;
				INFOPLIST_KEY_UILaunchStoryboardName = LaunchScreen;
				INFOPLIST_KEY_UISupportedInterfaceOrientations_iPad = "UIInterfaceOrientationPortrait UIInterfaceOrientationPortraitUpsideDown UIInterfaceOrientationLandscapeLeft UIInterfaceOrientationLandscapeRight";
				INFOPLIST_KEY_UISupportedInterfaceOrientations_iPhone = "UIInterfaceOrientationPortrait UIInterfaceOrientationLandscapeLeft UIInterfaceOrientationLandscapeRight";
				LD_RUNPATH_SEARCH_PATHS = (
					"$(inherited)",
					"@executable_path/Frameworks",
				);
				MARKETING_VERSION = 1.0;
				PRODUCT_BUNDLE_IDENTIFIER = com.yarizzer.StaringContestTrainer;
				PRODUCT_NAME = "$(TARGET_NAME)";
				SWIFT_EMIT_LOC_STRINGS = YES;
				SWIFT_VERSION = 5.0;
				TARGETED_DEVICE_FAMILY = "1,2";
			};
			name = Release;
		};
/* End XCBuildConfiguration section */

/* Begin XCConfigurationList section */
		71E3EC412A7F971600A24D7F /* Build configuration list for PBXProject "StaringContestTrainer" */ = {
			isa = XCConfigurationList;
			buildConfigurations = (
				71E3EC5B2A7F971700A24D7F /* Debug */,
				71E3EC5C2A7F971700A24D7F /* Release */,
			);
			defaultConfigurationIsVisible = 0;
			defaultConfigurationName = Release;
		};
		71E3EC5D2A7F971700A24D7F /* Build configuration list for PBXNativeTarget "StaringContestTrainer" */ = {
			isa = XCConfigurationList;
			buildConfigurations = (
				71E3EC5E2A7F971700A24D7F /* Debug */,
				71E3EC5F2A7F971700A24D7F /* Release */,
			);
			defaultConfigurationIsVisible = 0;
			defaultConfigurationName = Release;
		};
/* End XCConfigurationList section */

/* Begin XCVersionGroup section */
		71E3EC522A7F971600A24D7F /* StaringContestTrainer.xcdatamodeld */ = {
			isa = XCVersionGroup;
			children = (
				71E3EC532A7F971600A24D7F /* StaringContestTrainer.xcdatamodel */,
			);
			currentVersion = 71E3EC532A7F971600A24D7F /* StaringContestTrainer.xcdatamodel */;
			path = StaringContestTrainer.xcdatamodeld;
			sourceTree = "<group>";
			versionGroupType = wrapper.xcdatamodel;
		};
/* End XCVersionGroup section */
	};
	rootObject = 71E3EC3E2A7F971600A24D7F /* Project object */;
}
